
Microsoft Visual Studio Solution File, Format Version 12.00
# Visual Studio Version 16
VisualStudioVersion = 16.0.33529.622
MinimumVisualStudioVersion = 10.0.40219.1
Project("{8BC9CEB8-8B4A-11D0-8D11-00A0C91BC942}") = "colmap_cuda", "colmap_cuda\colmap_cuda.vcxproj", "{9B2DA22D-D4B2-4233-B595-A891C6BEF030}"
EndProject
Project("{8BC9CEB8-8B4A-11D0-8D11-00A0C91BC942}") = "colmap", "colmap\colmap.vcxproj", "{531E2609-64E2-4980-906C-383920AFDE0B}"
EndProject
Project("{8BC9CEB8-8B4A-11D0-8D11-00A0C91BC942}") = "flann", "flann\flann.vcxproj", "{12466761-0B9E-45F3-A9B4-E9D79C017A4B}"
EndProject
Project("{2150E333-8FDC-42A3-9474-1A3956D46DE8}") = "lib", "lib", "{DB278067-D383-405C-907F-D7E96B1207A4}"
EndProject
Project("{8BC9CEB8-8B4A-11D0-8D11-00A0C91BC942}") = "lsd", "lsd\lsd.vcxproj", "{09C43805-0803-460D-9C8F-4942411ABA60}"
EndProject
Project("{8BC9CEB8-8B4A-11D0-8D11-00A0C91BC942}") = "pba", "pba\pba.vcxproj", "{82113F54-CFFB-4072-8FAA-188C89F7110D}"
EndProject
Project("{8BC9CEB8-8B4A-11D0-8D11-00A0C91BC942}") = "poisson_recon", "poisson_recon\poisson_recon.vcxproj", "{5CAE2FD7-FB96-4F3A-94B2-03C3DF32DE6F}"
EndProject
Project("{8BC9CEB8-8B4A-11D0-8D11-00A0C91BC942}") = "sift_gpu", "sift_gpu\sift_gpu.vcxproj", "{449FA0B4-6C6C-4105-8642-D8682CF9EFB1}"
EndProject
Project("{8BC9CEB8-8B4A-11D0-8D11-00A0C91BC942}") = "sqlite3", "sqlite3\sqlite3.vcxproj", "{13F9E7E0-8B41-4DE4-9DEC-7506E7B24913}"
EndProject
Project("{8BC9CEB8-8B4A-11D0-8D11-00A0C91BC942}") = "vlfeat", "vlfeat\vlfeat.vcxproj", "{9FF8E12B-0876-458A-9FEC-B0148CF8B54D}"
EndProject
Project("{8BC9CEB8-8B4A-11D0-8D11-00A0C91BC942}") = "BUILD_LIB", "BUILD_LIB\BUILD_LIB.vcxproj", "{2CBFA04D-302A-474B-96C7-F35482B9F5D0}"
	ProjectSection(ProjectDependencies) = postProject
		{09C43805-0803-460D-9C8F-4942411ABA60} = {09C43805-0803-460D-9C8F-4942411ABA60}
		{9FF8E12B-0876-458A-9FEC-B0148CF8B54D} = {9FF8E12B-0876-458A-9FEC-B0148CF8B54D}
		{82113F54-CFFB-4072-8FAA-188C89F7110D} = {82113F54-CFFB-4072-8FAA-188C89F7110D}
		{12466761-0B9E-45F3-A9B4-E9D79C017A4B} = {12466761-0B9E-45F3-A9B4-E9D79C017A4B}
		{449FA0B4-6C6C-4105-8642-D8682CF9EFB1} = {449FA0B4-6C6C-4105-8642-D8682CF9EFB1}
		{5CAE2FD7-FB96-4F3A-94B2-03C3DF32DE6F} = {5CAE2FD7-FB96-4F3A-94B2-03C3DF32DE6F}
		{13F9E7E0-8B41-4DE4-9DEC-7506E7B24913} = {13F9E7E0-8B41-4DE4-9DEC-7506E7B24913}
	EndProjectSection
EndProject
Project("{8BC9CEB8-8B4A-11D0-8D11-00A0C91BC942}") = "colmap_exe", "colmap_exe\colmap_exe.vcxproj", "{F2233B49-9622-4D04-8344-8D6D749C833B}"
EndProject
Project("{8BC9CEB8-8B4A-11D0-8D11-00A0C91BC942}") = "wtf", "wtf\wtf.vcxproj", "{14C17013-2DAE-4EA4-A2D4-1ABDE252B0B0}"
EndProject
Global
	GlobalSection(SolutionConfigurationPlatforms) = preSolution
		Debug|x64 = Debug|x64
		Debug|x86 = Debug|x86
		Release|x64 = Release|x64
		Release|x86 = Release|x86
	EndGlobalSection
	GlobalSection(ProjectConfigurationPlatforms) = postSolution
		{9B2DA22D-D4B2-4233-B595-A891C6BEF030}.Debug|x64.ActiveCfg = Debug|x64
		{9B2DA22D-D4B2-4233-B595-A891C6BEF030}.Debug|x64.Build.0 = Debug|x64
		{9B2DA22D-D4B2-4233-B595-A891C6BEF030}.Debug|x86.ActiveCfg = Debug|x64
		{9B2DA22D-D4B2-4233-B595-A891C6BEF030}.Release|x64.ActiveCfg = Release|x64
		{9B2DA22D-D4B2-4233-B595-A891C6BEF030}.Release|x64.Build.0 = Release|x64
		{9B2DA22D-D4B2-4233-B595-A891C6BEF030}.Release|x86.ActiveCfg = Release|x64
		{531E2609-64E2-4980-906C-383920AFDE0B}.Debug|x64.ActiveCfg = Debug|x64
		{531E2609-64E2-4980-906C-383920AFDE0B}.Debug|x64.Build.0 = Debug|x64
		{531E2609-64E2-4980-906C-383920AFDE0B}.Debug|x86.ActiveCfg = Debug|x64
		{531E2609-64E2-4980-906C-383920AFDE0B}.Release|x64.ActiveCfg = Release|x64
		{531E2609-64E2-4980-906C-383920AFDE0B}.Release|x64.Build.0 = Release|x64
		{531E2609-64E2-4980-906C-383920AFDE0B}.Release|x86.ActiveCfg = Release|x64
		{12466761-0B9E-45F3-A9B4-E9D79C017A4B}.Debug|x64.ActiveCfg = Debug|x64
		{12466761-0B9E-45F3-A9B4-E9D79C017A4B}.Debug|x64.Build.0 = Debug|x64
		{12466761-0B9E-45F3-A9B4-E9D79C017A4B}.Debug|x86.ActiveCfg = Debug|x64
		{12466761-0B9E-45F3-A9B4-E9D79C017A4B}.Release|x64.ActiveCfg = Release|x64
		{12466761-0B9E-45F3-A9B4-E9D79C017A4B}.Release|x64.Build.0 = Release|x64
		{12466761-0B9E-45F3-A9B4-E9D79C017A4B}.Release|x86.ActiveCfg = Release|x64
		{09C43805-0803-460D-9C8F-4942411ABA60}.Debug|x64.ActiveCfg = Debug|x64
		{09C43805-0803-460D-9C8F-4942411ABA60}.Debug|x64.Build.0 = Debug|x64
		{09C43805-0803-460D-9C8F-4942411ABA60}.Debug|x86.ActiveCfg = Debug|x64
		{09C43805-0803-460D-9C8F-4942411ABA60}.Release|x64.ActiveCfg = Release|x64
		{09C43805-0803-460D-9C8F-4942411ABA60}.Release|x64.Build.0 = Release|x64
		{09C43805-0803-460D-9C8F-4942411ABA60}.Release|x86.ActiveCfg = Release|x64
		{82113F54-CFFB-4072-8FAA-188C89F7110D}.Debug|x64.ActiveCfg = Debug|x64
		{82113F54-CFFB-4072-8FAA-188C89F7110D}.Debug|x64.Build.0 = Debug|x64
		{82113F54-CFFB-4072-8FAA-188C89F7110D}.Debug|x86.ActiveCfg = Debug|x64
		{82113F54-CFFB-4072-8FAA-188C89F7110D}.Release|x64.ActiveCfg = Release|x64
		{82113F54-CFFB-4072-8FAA-188C89F7110D}.Release|x64.Build.0 = Release|x64
		{82113F54-CFFB-4072-8FAA-188C89F7110D}.Release|x86.ActiveCfg = Release|x64
		{5CAE2FD7-FB96-4F3A-94B2-03C3DF32DE6F}.Debug|x64.ActiveCfg = Debug|x64
		{5CAE2FD7-FB96-4F3A-94B2-03C3DF32DE6F}.Debug|x64.Build.0 = Debug|x64
		{5CAE2FD7-FB96-4F3A-94B2-03C3DF32DE6F}.Debug|x86.ActiveCfg = Debug|x64
		{5CAE2FD7-FB96-4F3A-94B2-03C3DF32DE6F}.Release|x64.ActiveCfg = Release|x64
		{5CAE2FD7-FB96-4F3A-94B2-03C3DF32DE6F}.Release|x64.Build.0 = Release|x64
		{5CAE2FD7-FB96-4F3A-94B2-03C3DF32DE6F}.Release|x86.ActiveCfg = Release|x64
		{449FA0B4-6C6C-4105-8642-D8682CF9EFB1}.Debug|x64.ActiveCfg = Debug|x64
		{449FA0B4-6C6C-4105-8642-D8682CF9EFB1}.Debug|x64.Build.0 = Debug|x64
		{449FA0B4-6C6C-4105-8642-D8682CF9EFB1}.Debug|x86.ActiveCfg = Debug|x64
		{449FA0B4-6C6C-4105-8642-D8682CF9EFB1}.Release|x64.ActiveCfg = Release|x64
		{449FA0B4-6C6C-4105-8642-D8682CF9EFB1}.Release|x64.Build.0 = Release|x64
		{449FA0B4-6C6C-4105-8642-D8682CF9EFB1}.Release|x86.ActiveCfg = Release|x64
		{13F9E7E0-8B41-4DE4-9DEC-7506E7B24913}.Debug|x64.ActiveCfg = Debug|x64
		{13F9E7E0-8B41-4DE4-9DEC-7506E7B24913}.Debug|x64.Build.0 = Debug|x64
		{13F9E7E0-8B41-4DE4-9DEC-7506E7B24913}.Debug|x86.ActiveCfg = Debug|x64
		{13F9E7E0-8B41-4DE4-9DEC-7506E7B24913}.Release|x64.ActiveCfg = Release|x64
		{13F9E7E0-8B41-4DE4-9DEC-7506E7B24913}.Release|x64.Build.0 = Release|x64
		{13F9E7E0-8B41-4DE4-9DEC-7506E7B24913}.Release|x86.ActiveCfg = Release|x64
		{9FF8E12B-0876-458A-9FEC-B0148CF8B54D}.Debug|x64.ActiveCfg = Debug|x64
		{9FF8E12B-0876-458A-9FEC-B0148CF8B54D}.Debug|x64.Build.0 = Debug|x64
		{9FF8E12B-0876-458A-9FEC-B0148CF8B54D}.Debug|x86.ActiveCfg = Debug|x64
		{9FF8E12B-0876-458A-9FEC-B0148CF8B54D}.Release|x64.ActiveCfg = Release|x64
		{9FF8E12B-0876-458A-9FEC-B0148CF8B54D}.Release|x64.Build.0 = Release|x64
		{9FF8E12B-0876-458A-9FEC-B0148CF8B54D}.Release|x86.ActiveCfg = Release|x64
		{2CBFA04D-302A-474B-96C7-F35482B9F5D0}.Debug|x64.ActiveCfg = Debug|x64
		{2CBFA04D-302A-474B-96C7-F35482B9F5D0}.Debug|x64.Build.0 = Debug|x64
		{2CBFA04D-302A-474B-96C7-F35482B9F5D0}.Debug|x86.ActiveCfg = Debug|Win32
		{2CBFA04D-302A-474B-96C7-F35482B9F5D0}.Debug|x86.Build.0 = Debug|Win32
		{2CBFA04D-302A-474B-96C7-F35482B9F5D0}.Release|x64.ActiveCfg = Release|x64
		{2CBFA04D-302A-474B-96C7-F35482B9F5D0}.Release|x64.Build.0 = Release|x64
		{2CBFA04D-302A-474B-96C7-F35482B9F5D0}.Release|x86.ActiveCfg = Release|Win32
		{2CBFA04D-302A-474B-96C7-F35482B9F5D0}.Release|x86.Build.0 = Release|Win32
		{F2233B49-9622-4D04-8344-8D6D749C833B}.Debug|x64.ActiveCfg = Debug|x64
		{F2233B49-9622-4D04-8344-8D6D749C833B}.Debug|x64.Build.0 = Debug|x64
		{F2233B49-9622-4D04-8344-8D6D749C833B}.Debug|x86.ActiveCfg = Debug|x64
		{F2233B49-9622-4D04-8344-8D6D749C833B}.Release|x64.ActiveCfg = Release|x64
		{F2233B49-9622-4D04-8344-8D6D749C833B}.Release|x64.Build.0 = Release|x64
		{F2233B49-9622-4D04-8344-8D6D749C833B}.Release|x86.ActiveCfg = Release|x64
		{14C17013-2DAE-4EA4-A2D4-1ABDE252B0B0}.Debug|x64.ActiveCfg = Debug|x64
		{14C17013-2DAE-4EA4-A2D4-1ABDE252B0B0}.Debug|x64.Build.0 = Debug|x64
		{14C17013-2DAE-4EA4-A2D4-1ABDE252B0B0}.Debug|x86.ActiveCfg = Debug|x64
		{14C17013-2DAE-4EA4-A2D4-1ABDE252B0B0}.Release|x64.ActiveCfg = Release|x64
		{14C17013-2DAE-4EA4-A2D4-1ABDE252B0B0}.Release|x64.Build.0 = Release|x64
		{14C17013-2DAE-4EA4-A2D4-1ABDE252B0B0}.Release|x86.ActiveCfg = Release|x64
	EndGlobalSection
	GlobalSection(SolutionProperties) = preSolution
		HideSolutionNode = FALSE
	EndGlobalSection
	GlobalSection(NestedProjects) = preSolution
		{12466761-0B9E-45F3-A9B4-E9D79C017A4B} = {DB278067-D383-405C-907F-D7E96B1207A4}
		{09C43805-0803-460D-9C8F-4942411ABA60} = {DB278067-D383-405C-907F-D7E96B1207A4}
		{82113F54-CFFB-4072-8FAA-188C89F7110D} = {DB278067-D383-405C-907F-D7E96B1207A4}
		{5CAE2FD7-FB96-4F3A-94B2-03C3DF32DE6F} = {DB278067-D383-405C-907F-D7E96B1207A4}
		{449FA0B4-6C6C-4105-8642-D8682CF9EFB1} = {DB278067-D383-405C-907F-D7E96B1207A4}
		{13F9E7E0-8B41-4DE4-9DEC-7506E7B24913} = {DB278067-D383-405C-907F-D7E96B1207A4}
		{9FF8E12B-0876-458A-9FEC-B0148CF8B54D} = {DB278067-D383-405C-907F-D7E96B1207A4}
		{2CBFA04D-302A-474B-96C7-F35482B9F5D0} = {DB278067-D383-405C-907F-D7E96B1207A4}
	EndGlobalSection
	GlobalSection(ExtensibilityGlobals) = postSolution
		SolutionGuid = {D65CBD37-0019-41C8-B594-72F06CA018BD}
	EndGlobalSection
EndGlobal
