<?xml version="1.0" encoding="utf-8"?>
<Project ToolsVersion="4.0" xmlns="http://schemas.microsoft.com/developer/msbuild/2003">
  <ItemGroup>
    <Filter Include="include">
      <UniqueIdentifier>{01016b57-8926-4a7d-b7d9-91a8e67da86d}</UniqueIdentifier>
    </Filter>
    <Filter Include="src">
      <UniqueIdentifier>{53038069-bcde-4fbc-9b25-3b1ccd03e827}</UniqueIdentifier>
    </Filter>
  </ItemGroup>
  <ItemGroup>
    <ClCompile Include="..\..\..\..\src\exe\colmap.cc">
      <Filter>src</Filter>
    </ClCompile>
    <ClCompile Include="..\..\..\..\src\exe\database.cc">
      <Filter>src</Filter>
    </ClCompile>
    <ClCompile Include="..\..\..\..\src\exe\feature.cc">
      <Filter>src</Filter>
    </ClCompile>
    <ClCompile Include="..\..\..\..\src\exe\gui.cc">
      <Filter>src</Filter>
    </ClCompile>
    <ClCompile Include="..\..\..\..\src\exe\image.cc">
      <Filter>src</Filter>
    </ClCompile>
    <ClCompile Include="..\..\..\..\src\exe\model.cc">
      <Filter>src</Filter>
    </ClCompile>
    <ClCompile Include="..\..\..\..\src\exe\mvs.cc">
      <Filter>src</Filter>
    </ClCompile>
    <ClCompile Include="..\..\..\..\src\exe\sfm.cc">
      <Filter>src</Filter>
    </ClCompile>
    <ClCompile Include="..\..\..\..\src\exe\vocab_tree.cc">
      <Filter>src</Filter>
    </ClCompile>
  </ItemGroup>
  <ItemGroup>
    <ClInclude Include="..\..\..\..\src\exe\database.h">
      <Filter>include</Filter>
    </ClInclude>
    <ClInclude Include="..\..\..\..\src\exe\feature.h">
      <Filter>include</Filter>
    </ClInclude>
    <ClInclude Include="..\..\..\..\src\exe\gui.h">
      <Filter>include</Filter>
    </ClInclude>
    <ClInclude Include="..\..\..\..\src\exe\image.h">
      <Filter>include</Filter>
    </ClInclude>
    <ClInclude Include="..\..\..\..\src\exe\model.h">
      <Filter>include</Filter>
    </ClInclude>
    <ClInclude Include="..\..\..\..\src\exe\mvs.h">
      <Filter>include</Filter>
    </ClInclude>
    <ClInclude Include="..\..\..\..\src\exe\sfm.h">
      <Filter>include</Filter>
    </ClInclude>
    <ClInclude Include="..\..\..\..\src\exe\vocab_tree.h">
      <Filter>include</Filter>
    </ClInclude>
  </ItemGroup>
</Project>